
Microsoft Visual Studio Solution File, Format Version 12.00
# Visual Studio Version 16
VisualStudioVersion = 16.0.31605.320
MinimumVisualStudioVersion = 10.0.40219.1
Project("{8BC9CEB8-8B4A-11D0-8D11-00A0C91BC942}") = "chall", "chall\chall.vcxproj", "{3B1AD98E-0298-44CA-AECD-351FFEFCA906}"
EndProject
Global
	GlobalSection(SolutionConfigurationPlatforms) = preSolution
		Debug|x64 = Debug|x64
		Debug|x86 = Debug|x86
		Release|x64 = Release|x64
		Release|x86 = Release|x86
	EndGlobalSection
	GlobalSection(ProjectConfigurationPlatforms) = postSolution
		{3B1AD98E-0298-44CA-AECD-351FFEFCA906}.Debug|x64.ActiveCfg = Debug|x64
		{3B1AD98E-0298-44CA-AECD-351FFEFCA906}.Debug|x64.Build.0 = Debug|x64
		{3B1AD98E-0298-44CA-AECD-351FFEFCA906}.Debug|x86.ActiveCfg = Debug|Win32
		{3B1AD98E-0298-44CA-AECD-351FFEFCA906}.Debug|x86.Build.0 = Debug|Win32
		{3B1AD98E-0298-44CA-AECD-351FFEFCA906}.Release|x64.ActiveCfg = Release|x64
		{3B1AD98E-0298-44CA-AECD-351FFEFCA906}.Release|x64.Build.0 = Release|x64
		{3B1AD98E-0298-44CA-AECD-351FFEFCA906}.Release|x86.ActiveCfg = Release|Win32
		{3B1AD98E-0298-44CA-AECD-351FFEFCA906}.Release|x86.Build.0 = Release|Win32
	EndGlobalSection
	GlobalSection(SolutionProperties) = preSolution
		HideSolutionNode = FALSE
	EndGlobalSection
	GlobalSection(ExtensibilityGlobals) = postSolution
		SolutionGuid = {14D77EFC-C344-44B1-9BDE-5FE3B38CEDF3}
	EndGlobalSection
EndGlobal
