
Microsoft Visual Studio Solution File, Format Version 12.00
# Visual Studio Version 16
VisualStudioVersion = 16.0.31605.320
MinimumVisualStudioVersion = 10.0.40219.1
Project("{8BC9CEB8-8B4A-11D0-8D11-00A0C91BC942}") = "apc_inject_tool", "apc_inject_tool\apc_inject_tool.vcxproj", "{38779373-F27B-4F32-9DAD-CCF4B8144E3F}"
EndProject
Global
	GlobalSection(SolutionConfigurationPlatforms) = preSolution
		Debug|x64 = Debug|x64
		Debug|x86 = Debug|x86
		Release|x64 = Release|x64
		Release|x86 = Release|x86
	EndGlobalSection
	GlobalSection(ProjectConfigurationPlatforms) = postSolution
		{38779373-F27B-4F32-9DAD-CCF4B8144E3F}.Debug|x64.ActiveCfg = Debug|x64
		{38779373-F27B-4F32-9DAD-CCF4B8144E3F}.Debug|x64.Build.0 = Debug|x64
		{38779373-F27B-4F32-9DAD-CCF4B8144E3F}.Debug|x86.ActiveCfg = Debug|Win32
		{38779373-F27B-4F32-9DAD-CCF4B8144E3F}.Debug|x86.Build.0 = Debug|Win32
		{38779373-F27B-4F32-9DAD-CCF4B8144E3F}.Release|x64.ActiveCfg = Release|x64
		{38779373-F27B-4F32-9DAD-CCF4B8144E3F}.Release|x64.Build.0 = Release|x64
		{38779373-F27B-4F32-9DAD-CCF4B8144E3F}.Release|x86.ActiveCfg = Release|Win32
		{38779373-F27B-4F32-9DAD-CCF4B8144E3F}.Release|x86.Build.0 = Release|Win32
	EndGlobalSection
	GlobalSection(SolutionProperties) = preSolution
		HideSolutionNode = FALSE
	EndGlobalSection
	GlobalSection(ExtensibilityGlobals) = postSolution
		SolutionGuid = {D98E0FD9-4478-4198-B1F1-9C37648B1EC8}
	EndGlobalSection
EndGlobal
