
Microsoft Visual Studio Solution File, Format Version 12.00
# Visual Studio Version 16
VisualStudioVersion = 16.0.31205.134
MinimumVisualStudioVersion = 10.0.40219.1
Project("{8BC9CEB8-8B4A-11D0-8D11-00A0C91BC942}") = "heavens-gate", "heavens-gate\heavens-gate.vcxproj", "{7574FAD8-5AC4-44FA-82C1-1C5F82B77A6B}"
EndProject
Global
	GlobalSection(SolutionConfigurationPlatforms) = preSolution
		Debug|x64 = Debug|x64
		Debug|x86 = Debug|x86
		Release|x64 = Release|x64
		Release|x86 = Release|x86
	EndGlobalSection
	GlobalSection(ProjectConfigurationPlatforms) = postSolution
		{7574FAD8-5AC4-44FA-82C1-1C5F82B77A6B}.Debug|x64.ActiveCfg = Debug|x64
		{7574FAD8-5AC4-44FA-82C1-1C5F82B77A6B}.Debug|x64.Build.0 = Debug|x64
		{7574FAD8-5AC4-44FA-82C1-1C5F82B77A6B}.Debug|x86.ActiveCfg = Debug|Win32
		{7574FAD8-5AC4-44FA-82C1-1C5F82B77A6B}.Debug|x86.Build.0 = Debug|Win32
		{7574FAD8-5AC4-44FA-82C1-1C5F82B77A6B}.Release|x64.ActiveCfg = Release|x64
		{7574FAD8-5AC4-44FA-82C1-1C5F82B77A6B}.Release|x64.Build.0 = Release|x64
		{7574FAD8-5AC4-44FA-82C1-1C5F82B77A6B}.Release|x86.ActiveCfg = Release|Win32
		{7574FAD8-5AC4-44FA-82C1-1C5F82B77A6B}.Release|x86.Build.0 = Release|Win32
	EndGlobalSection
	GlobalSection(SolutionProperties) = preSolution
		HideSolutionNode = FALSE
	EndGlobalSection
	GlobalSection(ExtensibilityGlobals) = postSolution
		SolutionGuid = {546A2CF1-7E97-49A1-B274-546631E42A9D}
	EndGlobalSection
EndGlobal
